
Microsoft Visual Studio Solution File, Format Version 12.00
# Visual Studio Version 16
VisualStudioVersion = 16.0.32002.261
MinimumVisualStudioVersion = 10.0.40219.1
Project("{F14B399A-7131-4C87-9E4B-1186C45EF12D}") = "ParameterLimit", "ParameterLimit\ParameterLimit.rptproj", "{C5A7A654-E023-47D2-A79B-D79D4457717D}"
EndProject
Global
	GlobalSection(SolutionConfigurationPlatforms) = preSolution
		Debug|Default = Debug|Default
		DebugLocal|Default = DebugLocal|Default
		Release|Default = Release|Default
	EndGlobalSection
	GlobalSection(ProjectConfigurationPlatforms) = postSolution
		{C5A7A654-E023-47D2-A79B-D79D4457717D}.Debug|Default.ActiveCfg = Debug
		{C5A7A654-E023-47D2-A79B-D79D4457717D}.Debug|Default.Build.0 = Debug
		{C5A7A654-E023-47D2-A79B-D79D4457717D}.Debug|Default.Deploy.0 = Debug
		{C5A7A654-E023-47D2-A79B-D79D4457717D}.DebugLocal|Default.ActiveCfg = DebugLocal
		{C5A7A654-E023-47D2-A79B-D79D4457717D}.DebugLocal|Default.Build.0 = DebugLocal
		{C5A7A654-E023-47D2-A79B-D79D4457717D}.Release|Default.ActiveCfg = Release
		{C5A7A654-E023-47D2-A79B-D79D4457717D}.Release|Default.Build.0 = Release
		{C5A7A654-E023-47D2-A79B-D79D4457717D}.Release|Default.Deploy.0 = Release
	EndGlobalSection
	GlobalSection(SolutionProperties) = preSolution
		HideSolutionNode = FALSE
	EndGlobalSection
	GlobalSection(ExtensibilityGlobals) = postSolution
		SolutionGuid = {73648937-1CD9-4DAE-9E41-695FB1B7E498}
	EndGlobalSection
EndGlobal
